
Microsoft Visual Studio Solution File, Format Version 12.00
# Visual Studio Version 17
VisualStudioVersion = 17.0.31903.59
MinimumVisualStudioVersion = 10.0.40219.1
Project("{2150E333-8FDC-42A3-9474-1A3956D46DE8}") = "EMSBackend", "EMSBackend", "{41B3117D-9697-3A24-89FF-380621C86351}"
EndProject
Project("{FAE04EC0-301F-11D3-BF4B-00C04F79EFBC}") = "EMSBackend.Api", "EMSBackend\EMSBackend.Api\EMSBackend.Api.csproj", "{173ADC99-959F-490D-8901-975F8782EE99}"
EndProject
Global
	GlobalSection(SolutionConfigurationPlatforms) = preSolution
		Debug|Any CPU = Debug|Any CPU
		Debug|x64 = Debug|x64
		Debug|x86 = Debug|x86
		Release|Any CPU = Release|Any CPU
		Release|x64 = Release|x64
		Release|x86 = Release|x86
	EndGlobalSection
	GlobalSection(ProjectConfigurationPlatforms) = postSolution
		{173ADC99-959F-490D-8901-975F8782EE99}.Debug|Any CPU.ActiveCfg = Debug|Any CPU
		{173ADC99-959F-490D-8901-975F8782EE99}.Debug|Any CPU.Build.0 = Debug|Any CPU
		{173ADC99-959F-490D-8901-975F8782EE99}.Debug|x64.ActiveCfg = Debug|Any CPU
		{173ADC99-959F-490D-8901-975F8782EE99}.Debug|x64.Build.0 = Debug|Any CPU
		{173ADC99-959F-490D-8901-975F8782EE99}.Debug|x86.ActiveCfg = Debug|Any CPU
		{173ADC99-959F-490D-8901-975F8782EE99}.Debug|x86.Build.0 = Debug|Any CPU
		{173ADC99-959F-490D-8901-975F8782EE99}.Release|Any CPU.ActiveCfg = Release|Any CPU
		{173ADC99-959F-490D-8901-975F8782EE99}.Release|Any CPU.Build.0 = Release|Any CPU
		{173ADC99-959F-490D-8901-975F8782EE99}.Release|x64.ActiveCfg = Release|Any CPU
		{173ADC99-959F-490D-8901-975F8782EE99}.Release|x64.Build.0 = Release|Any CPU
		{173ADC99-959F-490D-8901-975F8782EE99}.Release|x86.ActiveCfg = Release|Any CPU
		{173ADC99-959F-490D-8901-975F8782EE99}.Release|x86.Build.0 = Release|Any CPU
	EndGlobalSection
	GlobalSection(SolutionProperties) = preSolution
		HideSolutionNode = FALSE
	EndGlobalSection
	GlobalSection(NestedProjects) = preSolution
		{173ADC99-959F-490D-8901-975F8782EE99} = {41B3117D-9697-3A24-89FF-380621C86351}
	EndGlobalSection
EndGlobal
